
Microsoft Visual Studio Solution File, Format Version 12.00
# Visual Studio 15
VisualStudioVersion = 15.0.27703.2000
MinimumVisualStudioVersion = 10.0.40219.1
Project("{2150E333-8FDC-42A3-9474-1A3956D46DE8}") = "src", "src", "{71E0F8DC-3AF9-4823-908C-71CDDA704454}"
EndProject
Project("{2150E333-8FDC-42A3-9474-1A3956D46DE8}") = "1 - Presentation", "1 - Presentation", "{D6EAB95B-BECF-40C3-9303-5A36C3E5F654}"
EndProject
Project("{2150E333-8FDC-42A3-9474-1A3956D46DE8}") = "2 - Services", "2 - Services", "{C6E54F14-70BF-4935-896A-D6F09BF7688E}"
EndProject
Project("{2150E333-8FDC-42A3-9474-1A3956D46DE8}") = "3 - Application", "3 - Application", "{6031ACE9-7463-4024-BCD1-12835F5EA16D}"
EndProject
Project("{2150E333-8FDC-42A3-9474-1A3956D46DE8}") = "4 - Domain", "4 - Domain", "{6D70D72E-2728-480D-B8CC-903C7C140C38}"
EndProject
Project("{2150E333-8FDC-42A3-9474-1A3956D46DE8}") = "5 - Infra", "5 - Infra", "{7F32B2FB-0840-4E9B-BC29-2FA1FA04756A}"
EndProject
Project("{2150E333-8FDC-42A3-9474-1A3956D46DE8}") = "5.1 - Data", "5.1 - Data", "{8DAB7EB7-A5A1-494E-B21A-4F81972853DB}"
EndProject
Project("{9A19103F-16F7-4668-BE54-9A1E7A4F7556}") = "Gore.Infra.Data", "Gore.Infra.Data\Gore.Infra.Data.csproj", "{D2548752-26BF-449D-AEBC-9DFED5F49335}"
EndProject
Project("{9A19103F-16F7-4668-BE54-9A1E7A4F7556}") = "Gore.Domain", "Gore.Domain\Gore.Domain.csproj", "{A578F068-9469-4332-8276-CD70B6B9948D}"
EndProject
Project("{2150E333-8FDC-42A3-9474-1A3956D46DE8}") = "5.2 - CrossCutting", "5.2 - CrossCutting", "{39552D81-6FD4-48CC-BA53-F98AEE37E5C2}"
EndProject
Project("{9A19103F-16F7-4668-BE54-9A1E7A4F7556}") = "Gore.Infra.CrossCutting.Bus", "Gore.Infra.CrossCutting.Bus\Gore.Infra.CrossCutting.Bus.csproj", "{357E0BC2-8DD2-4ACB-A57D-A5648EB5DEE2}"
EndProject
Project("{9A19103F-16F7-4668-BE54-9A1E7A4F7556}") = "Gore.Domain.Core", "Gore.Domain.Core\Gore.Domain.Core.csproj", "{FA6E37E4-FAE6-490D-9D10-3865248C8248}"
EndProject
Project("{9A19103F-16F7-4668-BE54-9A1E7A4F7556}") = "Gore.Infra.CrossCutting.IoC", "Gore.Infra.CrossCutting.IoC\Gore.Infra.CrossCutting.IoC.csproj", "{8691283A-9F29-475F-B64D-F337251FCE3D}"
EndProject
Project("{9A19103F-16F7-4668-BE54-9A1E7A4F7556}") = "Gore.Application", "Gore.Application\Gore.Application.csproj", "{C07AC4D0-B359-4F6A-8A56-269710B7F59E}"
EndProject
Project("{9A19103F-16F7-4668-BE54-9A1E7A4F7556}") = "Gore.UI.Site", "Gore.UI.Site\Gore.UI.Site.csproj", "{42132BF6-4482-4D48-B831-5BF65C047BAF}"
EndProject
Global
	GlobalSection(SolutionConfigurationPlatforms) = preSolution
		Debug|Any CPU = Debug|Any CPU
		Release|Any CPU = Release|Any CPU
	EndGlobalSection
	GlobalSection(ProjectConfigurationPlatforms) = postSolution
		{D2548752-26BF-449D-AEBC-9DFED5F49335}.Debug|Any CPU.ActiveCfg = Debug|Any CPU
		{D2548752-26BF-449D-AEBC-9DFED5F49335}.Debug|Any CPU.Build.0 = Debug|Any CPU
		{D2548752-26BF-449D-AEBC-9DFED5F49335}.Release|Any CPU.ActiveCfg = Release|Any CPU
		{D2548752-26BF-449D-AEBC-9DFED5F49335}.Release|Any CPU.Build.0 = Release|Any CPU
		{A578F068-9469-4332-8276-CD70B6B9948D}.Debug|Any CPU.ActiveCfg = Debug|Any CPU
		{A578F068-9469-4332-8276-CD70B6B9948D}.Debug|Any CPU.Build.0 = Debug|Any CPU
		{A578F068-9469-4332-8276-CD70B6B9948D}.Release|Any CPU.ActiveCfg = Release|Any CPU
		{A578F068-9469-4332-8276-CD70B6B9948D}.Release|Any CPU.Build.0 = Release|Any CPU
		{357E0BC2-8DD2-4ACB-A57D-A5648EB5DEE2}.Debug|Any CPU.ActiveCfg = Debug|Any CPU
		{357E0BC2-8DD2-4ACB-A57D-A5648EB5DEE2}.Debug|Any CPU.Build.0 = Debug|Any CPU
		{357E0BC2-8DD2-4ACB-A57D-A5648EB5DEE2}.Release|Any CPU.ActiveCfg = Release|Any CPU
		{357E0BC2-8DD2-4ACB-A57D-A5648EB5DEE2}.Release|Any CPU.Build.0 = Release|Any CPU
		{FA6E37E4-FAE6-490D-9D10-3865248C8248}.Debug|Any CPU.ActiveCfg = Debug|Any CPU
		{FA6E37E4-FAE6-490D-9D10-3865248C8248}.Debug|Any CPU.Build.0 = Debug|Any CPU
		{FA6E37E4-FAE6-490D-9D10-3865248C8248}.Release|Any CPU.ActiveCfg = Release|Any CPU
		{FA6E37E4-FAE6-490D-9D10-3865248C8248}.Release|Any CPU.Build.0 = Release|Any CPU
		{8691283A-9F29-475F-B64D-F337251FCE3D}.Debug|Any CPU.ActiveCfg = Debug|Any CPU
		{8691283A-9F29-475F-B64D-F337251FCE3D}.Debug|Any CPU.Build.0 = Debug|Any CPU
		{8691283A-9F29-475F-B64D-F337251FCE3D}.Release|Any CPU.ActiveCfg = Release|Any CPU
		{8691283A-9F29-475F-B64D-F337251FCE3D}.Release|Any CPU.Build.0 = Release|Any CPU
		{C07AC4D0-B359-4F6A-8A56-269710B7F59E}.Debug|Any CPU.ActiveCfg = Debug|Any CPU
		{C07AC4D0-B359-4F6A-8A56-269710B7F59E}.Debug|Any CPU.Build.0 = Debug|Any CPU
		{C07AC4D0-B359-4F6A-8A56-269710B7F59E}.Release|Any CPU.ActiveCfg = Release|Any CPU
		{C07AC4D0-B359-4F6A-8A56-269710B7F59E}.Release|Any CPU.Build.0 = Release|Any CPU
		{42132BF6-4482-4D48-B831-5BF65C047BAF}.Debug|Any CPU.ActiveCfg = Debug|Any CPU
		{42132BF6-4482-4D48-B831-5BF65C047BAF}.Debug|Any CPU.Build.0 = Debug|Any CPU
		{42132BF6-4482-4D48-B831-5BF65C047BAF}.Release|Any CPU.ActiveCfg = Release|Any CPU
		{42132BF6-4482-4D48-B831-5BF65C047BAF}.Release|Any CPU.Build.0 = Release|Any CPU
	EndGlobalSection
	GlobalSection(SolutionProperties) = preSolution
		HideSolutionNode = FALSE
	EndGlobalSection
	GlobalSection(NestedProjects) = preSolution
		{D6EAB95B-BECF-40C3-9303-5A36C3E5F654} = {71E0F8DC-3AF9-4823-908C-71CDDA704454}
		{C6E54F14-70BF-4935-896A-D6F09BF7688E} = {71E0F8DC-3AF9-4823-908C-71CDDA704454}
		{6031ACE9-7463-4024-BCD1-12835F5EA16D} = {71E0F8DC-3AF9-4823-908C-71CDDA704454}
		{6D70D72E-2728-480D-B8CC-903C7C140C38} = {71E0F8DC-3AF9-4823-908C-71CDDA704454}
		{7F32B2FB-0840-4E9B-BC29-2FA1FA04756A} = {71E0F8DC-3AF9-4823-908C-71CDDA704454}
		{8DAB7EB7-A5A1-494E-B21A-4F81972853DB} = {7F32B2FB-0840-4E9B-BC29-2FA1FA04756A}
		{D2548752-26BF-449D-AEBC-9DFED5F49335} = {8DAB7EB7-A5A1-494E-B21A-4F81972853DB}
		{A578F068-9469-4332-8276-CD70B6B9948D} = {6D70D72E-2728-480D-B8CC-903C7C140C38}
		{39552D81-6FD4-48CC-BA53-F98AEE37E5C2} = {7F32B2FB-0840-4E9B-BC29-2FA1FA04756A}
		{357E0BC2-8DD2-4ACB-A57D-A5648EB5DEE2} = {39552D81-6FD4-48CC-BA53-F98AEE37E5C2}
		{FA6E37E4-FAE6-490D-9D10-3865248C8248} = {6D70D72E-2728-480D-B8CC-903C7C140C38}
		{8691283A-9F29-475F-B64D-F337251FCE3D} = {39552D81-6FD4-48CC-BA53-F98AEE37E5C2}
		{C07AC4D0-B359-4F6A-8A56-269710B7F59E} = {6031ACE9-7463-4024-BCD1-12835F5EA16D}
		{42132BF6-4482-4D48-B831-5BF65C047BAF} = {D6EAB95B-BECF-40C3-9303-5A36C3E5F654}
	EndGlobalSection
	GlobalSection(ExtensibilityGlobals) = postSolution
		SolutionGuid = {E888C864-A8AC-45BA-A16B-1DA47AEA3D26}
	EndGlobalSection
EndGlobal
